{
  "name": "messagepack",
  "version": "1.1.10",
  "lockfileVersion": 1,
  "requires": true,
  "dependencies": {
    "@types/estree": {
      "version": "0.0.39",
      "resolved": "https://registry.npmjs.org/@types/estree/-/estree-0.0.39.tgz",
      "integrity": "sha512-EYNwp3bU+98cpU4lAWYYL7Zz+2gryWH1qbdDTidVd6hkiR6weksdbMadyXKXNPEkQFhXM+hVO9ZygomHXp+AIw==",
      "dev": true
    },
    "@types/node": {
      "version": "10.17.28",
      "resolved": "https://registry.npmjs.org/@types/node/-/node-10.17.28.tgz",
      "integrity": "sha512-dzjES1Egb4c1a89C7lKwQh8pwjYmlOAG9dW1pBgxEk57tMrLnssOfEthz8kdkNaBd7lIqQx7APm5+mZ619IiCQ==",
      "dev": true
    },
    "rollup": {
      "version": "0.68.2",
      "resolved": "https://registry.npmjs.org/rollup/-/rollup-0.68.2.tgz",
      "integrity": "sha512-WgjNCXYv7ZbtStIap1+tz4pd2zwz0XYN//OILwEY6dINIFLVizK1iWdu+ZtUURL/OKnp8Lv2w8FBds8YihzX7Q==",
      "dev": true,
      "requires": {
        "@types/estree": "0.0.39",
        "@types/node": "*"
      }
    },
    "rollup-plugin-tsc": {
      "version": "1.1.15",
      "resolved": "https://registry.npmjs.org/rollup-plugin-tsc/-/rollup-plugin-tsc-1.1.15.tgz",
      "integrity": "sha512-E4cyPHKc6ayX+kcWww4ycxL6YygucfRx+L6kWn3LqUUBdYkexVB1WL2n2vptUXEfeyxpmHPlILD/5KASwZJ4bw==",
      "dev": true,
      "requires": {
        "tslib": "^1.9.3",
        "typescript": "^3.2.2"
      }
    },
    "testsome": {
      "version": "1.0.2",
      "resolved": "https://registry.npmjs.org/testsome/-/testsome-1.0.2.tgz",
      "integrity": "sha512-uyc0UwqsJIJM/6X/0BYkKaGQhispdZNy7QDPvljR46E6h2ixdNfsRv/HzNqc4N/R5LlbNcT4Mw/CuKvdnL57aw==",
      "dev": true
    },
    "tslib": {
      "version": "1.9.3",
      "resolved": "https://registry.npmjs.org/tslib/-/tslib-1.9.3.tgz",
      "integrity": "sha512-4krF8scpejhaOgqzBEcGM7yDIEfi0/8+8zDRZhNZZ2kjmHJ4hv3zCbQWxoJGz1iw5U0Jl0nma13xzHXcncMavQ==",
      "dev": true
    },
    "typescript": {
      "version": "3.2.2",
      "resolved": "https://registry.npmjs.org/typescript/-/typescript-3.2.2.tgz",
      "integrity": "sha512-VCj5UiSyHBjwfYacmDuc/NOk4QQixbE+Wn7MFJuS0nRuPQbof132Pw4u53dm264O8LPc2MVsc7RJNml5szurkg==",
      "dev": true
    }
  }
}
