{
  "name": "messagepack",
  "version": "1.1.12",
  "lockfileVersion": 2,
  "requires": true,
  "packages": {
    "": {
      "name": "messagepack",
      "version": "1.1.12",
      "license": "MIT",
      "devDependencies": {
        "@types/node": "^17.0.1",
        "rollup": "^2.61.1",
        "rollup-plugin-tsc": "^1.1.16",
        "testsome": "^1.0.3"
      }
    },
    "node_modules/@types/node": {
      "version": "17.0.1",
      "resolved": "https://registry.npmjs.org/@types/node/-/node-17.0.1.tgz",
      "integrity": "sha512-NXKvBVUzIbs6ylBwmOwHFkZS2EXCcjnqr8ZCRNaXBkHAf+3mn/rPcJxwrzuc6movh8fxQAsUUfYklJ/EG+hZqQ==",
      "dev": true
    },
    "node_modules/fsevents": {
      "version": "2.3.2",
      "resolved": "https://registry.npmjs.org/fsevents/-/fsevents-2.3.2.tgz",
      "integrity": "sha512-xiqMQR4xAeHTuB9uWm+fFRcIOgKBMiOBP+eXiyT7jsgVCq1bkVygt00oASowB7EdtpOHaaPgKt812P9ab+DDKA==",
      "dev": true,
      "hasInstallScript": true,
      "optional": true,
      "os": [
        "darwin"
      ],
      "engines": {
        "node": "^8.16.0 || ^10.6.0 || >=11.0.0"
      }
    },
    "node_modules/rollup": {
      "version": "2.61.1",
      "resolved": "https://registry.npmjs.org/rollup/-/rollup-2.61.1.tgz",
      "integrity": "sha512-BbTXlEvB8d+XFbK/7E5doIcRtxWPRiqr0eb5vQ0+2paMM04Ye4PZY5nHOQef2ix24l/L0SpLd5hwcH15QHPdvA==",
      "dev": true,
      "bin": {
        "rollup": "dist/bin/rollup"
      },
      "engines": {
        "node": ">=10.0.0"
      },
      "optionalDependencies": {
        "fsevents": "~2.3.2"
      }
    },
    "node_modules/rollup-plugin-tsc": {
      "version": "1.1.16",
      "resolved": "https://registry.npmjs.org/rollup-plugin-tsc/-/rollup-plugin-tsc-1.1.16.tgz",
      "integrity": "sha512-6WhDzcm5lJOb0WZkgwoBkUJ7qRrd8vt2uHnXNPbup88Ha8pQ0E75dTiwTgNPBemnEOoPCsUvzgEjvetnVrCq+Q==",
      "dev": true,
      "dependencies": {
        "tslib": "^2.0.1",
        "typescript": "^3.9.7"
      }
    },
    "node_modules/testsome": {
      "version": "1.0.3",
      "resolved": "https://registry.npmjs.org/testsome/-/testsome-1.0.3.tgz",
      "integrity": "sha512-K2GOR8pKglJrEpdhPI7b2hKWp+x0Sb3wCS/U2isItl3DGu1vPXMEY93DjmNTHDf3IEDMmXEntcmff4gSn4tsdw==",
      "dev": true,
      "bin": {
        "testsome": "dist/testsome.js"
      }
    },
    "node_modules/tslib": {
      "version": "2.0.1",
      "resolved": "https://registry.npmjs.org/tslib/-/tslib-2.0.1.tgz",
      "integrity": "sha512-SgIkNheinmEBgx1IUNirK0TUD4X9yjjBRTqqjggWCU3pUEqIk3/Uwl3yRixYKT6WjQuGiwDv4NomL3wqRCj+CQ==",
      "dev": true
    },
    "node_modules/typescript": {
      "version": "3.9.7",
      "resolved": "https://registry.npmjs.org/typescript/-/typescript-3.9.7.tgz",
      "integrity": "sha512-BLbiRkiBzAwsjut4x/dsibSTB6yWpwT5qWmC2OfuCg3GgVQCSgMs4vEctYPhsaGtd0AeuuHMkjZ2h2WG8MSzRw==",
      "dev": true,
      "bin": {
        "tsc": "bin/tsc",
        "tsserver": "bin/tsserver"
      },
      "engines": {
        "node": ">=4.2.0"
      }
    }
  },
  "dependencies": {
    "@types/node": {
      "version": "17.0.1",
      "resolved": "https://registry.npmjs.org/@types/node/-/node-17.0.1.tgz",
      "integrity": "sha512-NXKvBVUzIbs6ylBwmOwHFkZS2EXCcjnqr8ZCRNaXBkHAf+3mn/rPcJxwrzuc6movh8fxQAsUUfYklJ/EG+hZqQ==",
      "dev": true
    },
    "fsevents": {
      "version": "2.3.2",
      "resolved": "https://registry.npmjs.org/fsevents/-/fsevents-2.3.2.tgz",
      "integrity": "sha512-xiqMQR4xAeHTuB9uWm+fFRcIOgKBMiOBP+eXiyT7jsgVCq1bkVygt00oASowB7EdtpOHaaPgKt812P9ab+DDKA==",
      "dev": true,
      "optional": true
    },
    "rollup": {
      "version": "2.61.1",
      "resolved": "https://registry.npmjs.org/rollup/-/rollup-2.61.1.tgz",
      "integrity": "sha512-BbTXlEvB8d+XFbK/7E5doIcRtxWPRiqr0eb5vQ0+2paMM04Ye4PZY5nHOQef2ix24l/L0SpLd5hwcH15QHPdvA==",
      "dev": true,
      "requires": {
        "fsevents": "~2.3.2"
      }
    },
    "rollup-plugin-tsc": {
      "version": "1.1.16",
      "resolved": "https://registry.npmjs.org/rollup-plugin-tsc/-/rollup-plugin-tsc-1.1.16.tgz",
      "integrity": "sha512-6WhDzcm5lJOb0WZkgwoBkUJ7qRrd8vt2uHnXNPbup88Ha8pQ0E75dTiwTgNPBemnEOoPCsUvzgEjvetnVrCq+Q==",
      "dev": true,
      "requires": {
        "tslib": "^2.0.1",
        "typescript": "^3.9.7"
      }
    },
    "testsome": {
      "version": "1.0.3",
      "resolved": "https://registry.npmjs.org/testsome/-/testsome-1.0.3.tgz",
      "integrity": "sha512-K2GOR8pKglJrEpdhPI7b2hKWp+x0Sb3wCS/U2isItl3DGu1vPXMEY93DjmNTHDf3IEDMmXEntcmff4gSn4tsdw==",
      "dev": true
    },
    "tslib": {
      "version": "2.0.1",
      "resolved": "https://registry.npmjs.org/tslib/-/tslib-2.0.1.tgz",
      "integrity": "sha512-SgIkNheinmEBgx1IUNirK0TUD4X9yjjBRTqqjggWCU3pUEqIk3/Uwl3yRixYKT6WjQuGiwDv4NomL3wqRCj+CQ==",
      "dev": true
    },
    "typescript": {
      "version": "3.9.7",
      "resolved": "https://registry.npmjs.org/typescript/-/typescript-3.9.7.tgz",
      "integrity": "sha512-BLbiRkiBzAwsjut4x/dsibSTB6yWpwT5qWmC2OfuCg3GgVQCSgMs4vEctYPhsaGtd0AeuuHMkjZ2h2WG8MSzRw==",
      "dev": true
    }
  }
}
