{
  "name": "messagepack",
  "version": "1.0.4",
  "lockfileVersion": 1,
  "requires": true,
  "dependencies": {
    "@types/node": {
      "version": "9.4.6",
      "resolved": "https://registry.npmjs.org/@types/node/-/node-9.4.6.tgz",
      "integrity": "sha512-CTUtLb6WqCCgp6P59QintjHWqzf4VL1uPA27bipLAPxFqrtK1gEYllePzTICGqQ8rYsCbpnsNypXjjDzGAAjEQ==",
      "dev": true
    },
    "rollup": {
      "version": "0.56.2",
      "resolved": "https://registry.npmjs.org/rollup/-/rollup-0.56.2.tgz",
      "integrity": "sha512-vZIn0P+xA1glmc4DwRsUC9ce6SSE5gZT2YKaRiSYHwJXHcRtXWHOvrY2NtUR8Gk+EoszyyoXMfw9OrYCCKCYCA==",
      "dev": true
    },
    "rollup-plugin-tsc": {
      "version": "1.1.6",
      "resolved": "https://registry.npmjs.org/rollup-plugin-tsc/-/rollup-plugin-tsc-1.1.6.tgz",
      "integrity": "sha512-1P4Gch0iCR9gTfvJYMx0TXhcrifFYAtAHlIMcwPelc0eJd31WoLMAyYjtdUknI/aDVk1E4JPeSJnbp8NHkXqDw==",
      "dev": true,
      "requires": {
        "tslib": "1.9.0",
        "typescript": "2.7.2"
      },
      "dependencies": {
        "tslib": {
          "version": "1.9.0",
          "resolved": "https://registry.npmjs.org/tslib/-/tslib-1.9.0.tgz",
          "integrity": "sha512-f/qGG2tUkrISBlQZEjEqoZ3B2+npJjIf04H1wuAv9iA8i04Icp+61KRXxFdha22670NJopsZCIjhC3SnjPRKrQ==",
          "dev": true
        },
        "typescript": {
          "version": "2.7.2",
          "resolved": "https://registry.npmjs.org/typescript/-/typescript-2.7.2.tgz",
          "integrity": "sha512-p5TCYZDAO0m4G344hD+wx/LATebLWZNkkh2asWUFqSsD2OrDNhbAHuSjobrmsUmdzjJjEeZVU9g1h3O6vpstnw==",
          "dev": true
        }
      }
    },
    "testsome": {
      "version": "1.0.0",
      "resolved": "https://registry.npmjs.org/testsome/-/testsome-1.0.0.tgz",
      "integrity": "sha512-N+0o+ijVF4hKGsGhulW1010BHgcGgYNMcaJ08tHPcyurAm2d4miZ8T9X6VvN8S7WzI7n00z1+n8OMISVAd+mJQ==",
      "dev": true
    }
  }
}
